// !$*UTF8*$!
{
	archiveVersion = 1;
	classes = {
	};
	objectVersion = 56;
	objects = {

/* Begin PBXBuildFile section */
		1F5FD0512B98CEF50024BCA4 /* Firebase_test3App.swift in Sources */ = {isa = PBXBuildFile; fileRef = 1F5FD0502B98CEF50024BCA4 /* Firebase_test3App.swift */; };
		1F5FD0532B98CEF50024BCA4 /* ContentView.swift in Sources */ = {isa = PBXBuildFile; fileRef = 1F5FD0522B98CEF50024BCA4 /* ContentView.swift */; };
		1F5FD0552B98CEF70024BCA4 /* Assets.xcassets in Resources */ = {isa = PBXBuildFile; fileRef = 1F5FD0542B98CEF70024BCA4 /* Assets.xcassets */; };
		1F5FD0582B98CEF70024BCA4 /* Preview Assets.xcassets in Resources */ = {isa = PBXBuildFile; fileRef = 1F5FD0572B98CEF70024BCA4 /* Preview Assets.xcassets */; };
		1F5FD05F2B98D66B0024BCA4 /* GoogleService-Info.plist in Resources */ = {isa = PBXBuildFile; fileRef = 1F5FD05E2B98D66B0024BCA4 /* GoogleService-Info.plist */; };
		1F5FD0622B98D73B0024BCA4 /* FirebaseAnalytics in Frameworks */ = {isa = PBXBuildFile; productRef = 1F5FD0612B98D73B0024BCA4 /* FirebaseAnalytics */; };
		1F5FD0642B98D73B0024BCA4 /* FirebaseAnalyticsOnDeviceConversion in Frameworks */ = {isa = PBXBuildFile; productRef = 1F5FD0632B98D73B0024BCA4 /* FirebaseAnalyticsOnDeviceConversion */; };
		1F5FD0662B98D73B0024BCA4 /* FirebaseAnalyticsSwift in Frameworks */ = {isa = PBXBuildFile; productRef = 1F5FD0652B98D73B0024BCA4 /* FirebaseAnalyticsSwift */; };
		1F5FD0682B98D73B0024BCA4 /* FirebaseAnalyticsWithoutAdIdSupport in Frameworks */ = {isa = PBXBuildFile; productRef = 1F5FD0672B98D73B0024BCA4 /* FirebaseAnalyticsWithoutAdIdSupport */; };
		1F5FD06A2B98D73B0024BCA4 /* FirebaseAppCheck in Frameworks */ = {isa = PBXBuildFile; productRef = 1F5FD0692B98D73B0024BCA4 /* FirebaseAppCheck */; };
		1F5FD06C2B98D73B0024BCA4 /* FirebaseAppDistribution-Beta in Frameworks */ = {isa = PBXBuildFile; productRef = 1F5FD06B2B98D73B0024BCA4 /* FirebaseAppDistribution-Beta */; };
		1F5FD06E2B98D73B0024BCA4 /* FirebaseAuth in Frameworks */ = {isa = PBXBuildFile; productRef = 1F5FD06D2B98D73B0024BCA4 /* FirebaseAuth */; };
		1F5FD0702B98D73B0024BCA4 /* FirebaseAuthCombine-Community in Frameworks */ = {isa = PBXBuildFile; productRef = 1F5FD06F2B98D73B0024BCA4 /* FirebaseAuthCombine-Community */; };
		1F5FD0722B98D73B0024BCA4 /* FirebaseCrashlytics in Frameworks */ = {isa = PBXBuildFile; productRef = 1F5FD0712B98D73B0024BCA4 /* FirebaseCrashlytics */; };
		1F5FD0742B98D73B0024BCA4 /* FirebaseDatabase in Frameworks */ = {isa = PBXBuildFile; productRef = 1F5FD0732B98D73B0024BCA4 /* FirebaseDatabase */; };
		1F5FD0762B98D73B0024BCA4 /* FirebaseDatabaseSwift in Frameworks */ = {isa = PBXBuildFile; productRef = 1F5FD0752B98D73B0024BCA4 /* FirebaseDatabaseSwift */; };
		1F5FD0782B98D73B0024BCA4 /* FirebaseDynamicLinks in Frameworks */ = {isa = PBXBuildFile; productRef = 1F5FD0772B98D73B0024BCA4 /* FirebaseDynamicLinks */; };
		1F5FD07A2B98D73B0024BCA4 /* FirebaseFirestore in Frameworks */ = {isa = PBXBuildFile; productRef = 1F5FD0792B98D73B0024BCA4 /* FirebaseFirestore */; };
		1F5FD07C2B98D73B0024BCA4 /* FirebaseFirestoreCombine-Community in Frameworks */ = {isa = PBXBuildFile; productRef = 1F5FD07B2B98D73B0024BCA4 /* FirebaseFirestoreCombine-Community */; };
		1F5FD07E2B98D73B0024BCA4 /* FirebaseFirestoreSwift in Frameworks */ = {isa = PBXBuildFile; productRef = 1F5FD07D2B98D73B0024BCA4 /* FirebaseFirestoreSwift */; };
		1F5FD0802B98D73B0024BCA4 /* FirebaseFunctions in Frameworks */ = {isa = PBXBuildFile; productRef = 1F5FD07F2B98D73B0024BCA4 /* FirebaseFunctions */; };
		1F5FD0822B98D73B0024BCA4 /* FirebaseFunctionsCombine-Community in Frameworks */ = {isa = PBXBuildFile; productRef = 1F5FD0812B98D73B0024BCA4 /* FirebaseFunctionsCombine-Community */; };
		1F5FD0842B98D73B0024BCA4 /* FirebaseInAppMessaging-Beta in Frameworks */ = {isa = PBXBuildFile; productRef = 1F5FD0832B98D73B0024BCA4 /* FirebaseInAppMessaging-Beta */; };
		1F5FD0862B98D73B0024BCA4 /* FirebaseInAppMessagingSwift-Beta in Frameworks */ = {isa = PBXBuildFile; productRef = 1F5FD0852B98D73B0024BCA4 /* FirebaseInAppMessagingSwift-Beta */; };
		1F5FD0882B98D73B0024BCA4 /* FirebaseInstallations in Frameworks */ = {isa = PBXBuildFile; productRef = 1F5FD0872B98D73B0024BCA4 /* FirebaseInstallations */; };
		1F5FD08A2B98D73B0024BCA4 /* FirebaseMLModelDownloader in Frameworks */ = {isa = PBXBuildFile; productRef = 1F5FD0892B98D73B0024BCA4 /* FirebaseMLModelDownloader */; };
		1F5FD08C2B98D73B0024BCA4 /* FirebaseMessaging in Frameworks */ = {isa = PBXBuildFile; productRef = 1F5FD08B2B98D73B0024BCA4 /* FirebaseMessaging */; };
		1F5FD08E2B98D73B0024BCA4 /* FirebasePerformance in Frameworks */ = {isa = PBXBuildFile; productRef = 1F5FD08D2B98D73B0024BCA4 /* FirebasePerformance */; };
		1F5FD0902B98D73B0024BCA4 /* FirebaseRemoteConfig in Frameworks */ = {isa = PBXBuildFile; productRef = 1F5FD08F2B98D73B0024BCA4 /* FirebaseRemoteConfig */; };
		1F5FD0922B98D73B0024BCA4 /* FirebaseRemoteConfigSwift in Frameworks */ = {isa = PBXBuildFile; productRef = 1F5FD0912B98D73B0024BCA4 /* FirebaseRemoteConfigSwift */; };
		1F5FD0942B98D73B0024BCA4 /* FirebaseStorage in Frameworks */ = {isa = PBXBuildFile; productRef = 1F5FD0932B98D73B0024BCA4 /* FirebaseStorage */; };
		1F5FD0962B98D73B0024BCA4 /* FirebaseStorageCombine-Community in Frameworks */ = {isa = PBXBuildFile; productRef = 1F5FD0952B98D73B0024BCA4 /* FirebaseStorageCombine-Community */; };
		B07135780EC83CFE8CFADDE3 /* Pods_Firebase_test3.framework in Frameworks */ = {isa = PBXBuildFile; fileRef = 72357BE20F859C0DEBA4896B /* Pods_Firebase_test3.framework */; };
/* End PBXBuildFile section */

/* Begin PBXFileReference section */
		144B00AA0B64465B95EDDB3F /* Pods-Firebase_test3.debug.xcconfig */ = {isa = PBXFileReference; includeInIndex = 1; lastKnownFileType = text.xcconfig; name = "Pods-Firebase_test3.debug.xcconfig"; path = "Target Support Files/Pods-Firebase_test3/Pods-Firebase_test3.debug.xcconfig"; sourceTree = "<group>"; };
		1F5FD04D2B98CEF50024BCA4 /* Firebase_test3.app */ = {isa = PBXFileReference; explicitFileType = wrapper.application; includeInIndex = 0; path = Firebase_test3.app; sourceTree = BUILT_PRODUCTS_DIR; };
		1F5FD0502B98CEF50024BCA4 /* Firebase_test3App.swift */ = {isa = PBXFileReference; lastKnownFileType = sourcecode.swift; path = Firebase_test3App.swift; sourceTree = "<group>"; };
		1F5FD0522B98CEF50024BCA4 /* ContentView.swift */ = {isa = PBXFileReference; lastKnownFileType = sourcecode.swift; path = ContentView.swift; sourceTree = "<group>"; };
		1F5FD0542B98CEF70024BCA4 /* Assets.xcassets */ = {isa = PBXFileReference; lastKnownFileType = folder.assetcatalog; path = Assets.xcassets; sourceTree = "<group>"; };
		1F5FD0572B98CEF70024BCA4 /* Preview Assets.xcassets */ = {isa = PBXFileReference; lastKnownFileType = folder.assetcatalog; path = "Preview Assets.xcassets"; sourceTree = "<group>"; };
		1F5FD05E2B98D66B0024BCA4 /* GoogleService-Info.plist */ = {isa = PBXFileReference; fileEncoding = 4; lastKnownFileType = text.plist.xml; path = "GoogleService-Info.plist"; sourceTree = "<group>"; };
		72357BE20F859C0DEBA4896B /* Pods_Firebase_test3.framework */ = {isa = PBXFileReference; explicitFileType = wrapper.framework; includeInIndex = 0; path = Pods_Firebase_test3.framework; sourceTree = BUILT_PRODUCTS_DIR; };
		7997A8462A6980C152BEF0CF /* Pods-Firebase_test3.release.xcconfig */ = {isa = PBXFileReference; includeInIndex = 1; lastKnownFileType = text.xcconfig; name = "Pods-Firebase_test3.release.xcconfig"; path = "Target Support Files/Pods-Firebase_test3/Pods-Firebase_test3.release.xcconfig"; sourceTree = "<group>"; };
/* End PBXFileReference section */

/* Begin PBXFrameworksBuildPhase section */
		1F5FD04A2B98CEF50024BCA4 /* Frameworks */ = {
			isa = PBXFrameworksBuildPhase;
			buildActionMask = 2147483647;
			files = (
				1F5FD0802B98D73B0024BCA4 /* FirebaseFunctions in Frameworks */,
				1F5FD0762B98D73B0024BCA4 /* FirebaseDatabaseSwift in Frameworks */,
				1F5FD0862B98D73B0024BCA4 /* FirebaseInAppMessagingSwift-Beta in Frameworks */,
				1F5FD08C2B98D73B0024BCA4 /* FirebaseMessaging in Frameworks */,
				1F5FD06C2B98D73B0024BCA4 /* FirebaseAppDistribution-Beta in Frameworks */,
				1F5FD0702B98D73B0024BCA4 /* FirebaseAuthCombine-Community in Frameworks */,
				1F5FD07C2B98D73B0024BCA4 /* FirebaseFirestoreCombine-Community in Frameworks */,
				1F5FD0662B98D73B0024BCA4 /* FirebaseAnalyticsSwift in Frameworks */,
				1F5FD08A2B98D73B0024BCA4 /* FirebaseMLModelDownloader in Frameworks */,
				1F5FD0682B98D73B0024BCA4 /* FirebaseAnalyticsWithoutAdIdSupport in Frameworks */,
				1F5FD0622B98D73B0024BCA4 /* FirebaseAnalytics in Frameworks */,
				1F5FD07E2B98D73B0024BCA4 /* FirebaseFirestoreSwift in Frameworks */,
				1F5FD0642B98D73B0024BCA4 /* FirebaseAnalyticsOnDeviceConversion in Frameworks */,
				1F5FD06A2B98D73B0024BCA4 /* FirebaseAppCheck in Frameworks */,
				1F5FD08E2B98D73B0024BCA4 /* FirebasePerformance in Frameworks */,
				1F5FD0842B98D73B0024BCA4 /* FirebaseInAppMessaging-Beta in Frameworks */,
				1F5FD0822B98D73B0024BCA4 /* FirebaseFunctionsCombine-Community in Frameworks */,
				1F5FD0722B98D73B0024BCA4 /* FirebaseCrashlytics in Frameworks */,
				1F5FD0882B98D73B0024BCA4 /* FirebaseInstallations in Frameworks */,
				1F5FD0902B98D73B0024BCA4 /* FirebaseRemoteConfig in Frameworks */,
				1F5FD0942B98D73B0024BCA4 /* FirebaseStorage in Frameworks */,
				1F5FD0742B98D73B0024BCA4 /* FirebaseDatabase in Frameworks */,
				1F5FD0962B98D73B0024BCA4 /* FirebaseStorageCombine-Community in Frameworks */,
				B07135780EC83CFE8CFADDE3 /* Pods_Firebase_test3.framework in Frameworks */,
				1F5FD06E2B98D73B0024BCA4 /* FirebaseAuth in Frameworks */,
				1F5FD0782B98D73B0024BCA4 /* FirebaseDynamicLinks in Frameworks */,
				1F5FD07A2B98D73B0024BCA4 /* FirebaseFirestore in Frameworks */,
				1F5FD0922B98D73B0024BCA4 /* FirebaseRemoteConfigSwift in Frameworks */,
			);
			runOnlyForDeploymentPostprocessing = 0;
		};
/* End PBXFrameworksBuildPhase section */

/* Begin PBXGroup section */
		0819747E30C958357CB5BB92 /* Frameworks */ = {
			isa = PBXGroup;
			children = (
				72357BE20F859C0DEBA4896B /* Pods_Firebase_test3.framework */,
			);
			name = Frameworks;
			sourceTree = "<group>";
		};
		1F5FD0442B98CEF50024BCA4 = {
			isa = PBXGroup;
			children = (
				1F5FD04F2B98CEF50024BCA4 /* Firebase_test3 */,
				1F5FD04E2B98CEF50024BCA4 /* Products */,
				9CD1AE6B9C088618F7F8A6EA /* Pods */,
				0819747E30C958357CB5BB92 /* Frameworks */,
			);
			sourceTree = "<group>";
		};
		1F5FD04E2B98CEF50024BCA4 /* Products */ = {
			isa = PBXGroup;
			children = (
				1F5FD04D2B98CEF50024BCA4 /* Firebase_test3.app */,
			);
			name = Products;
			sourceTree = "<group>";
		};
		1F5FD04F2B98CEF50024BCA4 /* Firebase_test3 */ = {
			isa = PBXGroup;
			children = (
				1F5FD0502B98CEF50024BCA4 /* Firebase_test3App.swift */,
				1F5FD0522B98CEF50024BCA4 /* ContentView.swift */,
				1F5FD0542B98CEF70024BCA4 /* Assets.xcassets */,
				1F5FD05E2B98D66B0024BCA4 /* GoogleService-Info.plist */,
				1F5FD0562B98CEF70024BCA4 /* Preview Content */,
			);
			path = Firebase_test3;
			sourceTree = "<group>";
		};
		1F5FD0562B98CEF70024BCA4 /* Preview Content */ = {
			isa = PBXGroup;
			children = (
				1F5FD0572B98CEF70024BCA4 /* Preview Assets.xcassets */,
			);
			path = "Preview Content";
			sourceTree = "<group>";
		};
		9CD1AE6B9C088618F7F8A6EA /* Pods */ = {
			isa = PBXGroup;
			children = (
				144B00AA0B64465B95EDDB3F /* Pods-Firebase_test3.debug.xcconfig */,
				7997A8462A6980C152BEF0CF /* Pods-Firebase_test3.release.xcconfig */,
			);
			path = Pods;
			sourceTree = "<group>";
		};
/* End PBXGroup section */

/* Begin PBXNativeTarget section */
		1F5FD04C2B98CEF50024BCA4 /* Firebase_test3 */ = {
			isa = PBXNativeTarget;
			buildConfigurationList = 1F5FD05B2B98CEF70024BCA4 /* Build configuration list for PBXNativeTarget "Firebase_test3" */;
			buildPhases = (
				8DE7E1A5D54D3BF7700099B1 /* [CP] Check Pods Manifest.lock */,
				1F5FD0492B98CEF50024BCA4 /* Sources */,
				1F5FD04A2B98CEF50024BCA4 /* Frameworks */,
				1F5FD04B2B98CEF50024BCA4 /* Resources */,
				47C63BAF6F1218787CC1704D /* [CP] Embed Pods Frameworks */,
			);
			buildRules = (
			);
			dependencies = (
			);
			name = Firebase_test3;
			packageProductDependencies = (
				1F5FD0612B98D73B0024BCA4 /* FirebaseAnalytics */,
				1F5FD0632B98D73B0024BCA4 /* FirebaseAnalyticsOnDeviceConversion */,
				1F5FD0652B98D73B0024BCA4 /* FirebaseAnalyticsSwift */,
				1F5FD0672B98D73B0024BCA4 /* FirebaseAnalyticsWithoutAdIdSupport */,
				1F5FD0692B98D73B0024BCA4 /* FirebaseAppCheck */,
				1F5FD06B2B98D73B0024BCA4 /* FirebaseAppDistribution-Beta */,
				1F5FD06D2B98D73B0024BCA4 /* FirebaseAuth */,
				1F5FD06F2B98D73B0024BCA4 /* FirebaseAuthCombine-Community */,
				1F5FD0712B98D73B0024BCA4 /* FirebaseCrashlytics */,
				1F5FD0732B98D73B0024BCA4 /* FirebaseDatabase */,
				1F5FD0752B98D73B0024BCA4 /* FirebaseDatabaseSwift */,
				1F5FD0772B98D73B0024BCA4 /* FirebaseDynamicLinks */,
				1F5FD0792B98D73B0024BCA4 /* FirebaseFirestore */,
				1F5FD07B2B98D73B0024BCA4 /* FirebaseFirestoreCombine-Community */,
				1F5FD07D2B98D73B0024BCA4 /* FirebaseFirestoreSwift */,
				1F5FD07F2B98D73B0024BCA4 /* FirebaseFunctions */,
				1F5FD0812B98D73B0024BCA4 /* FirebaseFunctionsCombine-Community */,
				1F5FD0832B98D73B0024BCA4 /* FirebaseInAppMessaging-Beta */,
				1F5FD0852B98D73B0024BCA4 /* FirebaseInAppMessagingSwift-Beta */,
				1F5FD0872B98D73B0024BCA4 /* FirebaseInstallations */,
				1F5FD0892B98D73B0024BCA4 /* FirebaseMLModelDownloader */,
				1F5FD08B2B98D73B0024BCA4 /* FirebaseMessaging */,
				1F5FD08D2B98D73B0024BCA4 /* FirebasePerformance */,
				1F5FD08F2B98D73B0024BCA4 /* FirebaseRemoteConfig */,
				1F5FD0912B98D73B0024BCA4 /* FirebaseRemoteConfigSwift */,
				1F5FD0932B98D73B0024BCA4 /* FirebaseStorage */,
				1F5FD0952B98D73B0024BCA4 /* FirebaseStorageCombine-Community */,
			);
			productName = Firebase_test3;
			productReference = 1F5FD04D2B98CEF50024BCA4 /* Firebase_test3.app */;
			productType = "com.apple.product-type.application";
		};
/* End PBXNativeTarget section */

/* Begin PBXProject section */
		1F5FD0452B98CEF50024BCA4 /* Project object */ = {
			isa = PBXProject;
			attributes = {
				BuildIndependentTargetsInParallel = 1;
				LastSwiftUpdateCheck = 1430;
				LastUpgradeCheck = 1430;
				TargetAttributes = {
					1F5FD04C2B98CEF50024BCA4 = {
						CreatedOnToolsVersion = 14.3;
					};
				};
			};
			buildConfigurationList = 1F5FD0482B98CEF50024BCA4 /* Build configuration list for PBXProject "Firebase_test3" */;
			compatibilityVersion = "Xcode 14.0";
			developmentRegion = en;
			hasScannedForEncodings = 0;
			knownRegions = (
				en,
				Base,
			);
			mainGroup = 1F5FD0442B98CEF50024BCA4;
			packageReferences = (
				1F5FD0602B98D73B0024BCA4 /* XCRemoteSwiftPackageReference "firebase-ios-sdk" */,
			);
			productRefGroup = 1F5FD04E2B98CEF50024BCA4 /* Products */;
			projectDirPath = "";
			projectRoot = "";
			targets = (
				1F5FD04C2B98CEF50024BCA4 /* Firebase_test3 */,
			);
		};
/* End PBXProject section */

/* Begin PBXResourcesBuildPhase section */
		1F5FD04B2B98CEF50024BCA4 /* Resources */ = {
			isa = PBXResourcesBuildPhase;
			buildActionMask = 2147483647;
			files = (
				1F5FD05F2B98D66B0024BCA4 /* GoogleService-Info.plist in Resources */,
				1F5FD0582B98CEF70024BCA4 /* Preview Assets.xcassets in Resources */,
				1F5FD0552B98CEF70024BCA4 /* Assets.xcassets in Resources */,
			);
			runOnlyForDeploymentPostprocessing = 0;
		};
/* End PBXResourcesBuildPhase section */

/* Begin PBXShellScriptBuildPhase section */
		47C63BAF6F1218787CC1704D /* [CP] Embed Pods Frameworks */ = {
			isa = PBXShellScriptBuildPhase;
			buildActionMask = 2147483647;
			files = (
			);
			inputFileListPaths = (
				"${PODS_ROOT}/Target Support Files/Pods-Firebase_test3/Pods-Firebase_test3-frameworks-${CONFIGURATION}-input-files.xcfilelist",
			);
			name = "[CP] Embed Pods Frameworks";
			outputFileListPaths = (
				"${PODS_ROOT}/Target Support Files/Pods-Firebase_test3/Pods-Firebase_test3-frameworks-${CONFIGURATION}-output-files.xcfilelist",
			);
			runOnlyForDeploymentPostprocessing = 0;
			shellPath = /bin/sh;
			shellScript = "\"${PODS_ROOT}/Target Support Files/Pods-Firebase_test3/Pods-Firebase_test3-frameworks.sh\"\n";
			showEnvVarsInLog = 0;
		};
		8DE7E1A5D54D3BF7700099B1 /* [CP] Check Pods Manifest.lock */ = {
			isa = PBXShellScriptBuildPhase;
			buildActionMask = 2147483647;
			files = (
			);
			inputFileListPaths = (
			);
			inputPaths = (
				"${PODS_PODFILE_DIR_PATH}/Podfile.lock",
				"${PODS_ROOT}/Manifest.lock",
			);
			name = "[CP] Check Pods Manifest.lock";
			outputFileListPaths = (
			);
			outputPaths = (
				"$(DERIVED_FILE_DIR)/Pods-Firebase_test3-checkManifestLockResult.txt",
			);
			runOnlyForDeploymentPostprocessing = 0;
			shellPath = /bin/sh;
			shellScript = "diff \"${PODS_PODFILE_DIR_PATH}/Podfile.lock\" \"${PODS_ROOT}/Manifest.lock\" > /dev/null\nif [ $? != 0 ] ; then\n    # print error to STDERR\n    echo \"error: The sandbox is not in sync with the Podfile.lock. Run 'pod install' or update your CocoaPods installation.\" >&2\n    exit 1\nfi\n# This output is used by Xcode 'outputs' to avoid re-running this script phase.\necho \"SUCCESS\" > \"${SCRIPT_OUTPUT_FILE_0}\"\n";
			showEnvVarsInLog = 0;
		};
/* End PBXShellScriptBuildPhase section */

/* Begin PBXSourcesBuildPhase section */
		1F5FD0492B98CEF50024BCA4 /* Sources */ = {
			isa = PBXSourcesBuildPhase;
			buildActionMask = 2147483647;
			files = (
				1F5FD0532B98CEF50024BCA4 /* ContentView.swift in Sources */,
				1F5FD0512B98CEF50024BCA4 /* Firebase_test3App.swift in Sources */,
			);
			runOnlyForDeploymentPostprocessing = 0;
		};
/* End PBXSourcesBuildPhase section */

/* Begin XCBuildConfiguration section */
		1F5FD0592B98CEF70024BCA4 /* Debug */ = {
			isa = XCBuildConfiguration;
			buildSettings = {
				ALWAYS_SEARCH_USER_PATHS = NO;
				CLANG_ANALYZER_NONNULL = YES;
				CLANG_ANALYZER_NUMBER_OBJECT_CONVERSION = YES_AGGRESSIVE;
				CLANG_CXX_LANGUAGE_STANDARD = "gnu++20";
				CLANG_ENABLE_MODULES = YES;
				CLANG_ENABLE_OBJC_ARC = YES;
				CLANG_ENABLE_OBJC_WEAK = YES;
				CLANG_WARN_BLOCK_CAPTURE_AUTORELEASING = YES;
				CLANG_WARN_BOOL_CONVERSION = YES;
				CLANG_WARN_COMMA = YES;
				CLANG_WARN_CONSTANT_CONVERSION = YES;
				CLANG_WARN_DEPRECATED_OBJC_IMPLEMENTATIONS = YES;
				CLANG_WARN_DIRECT_OBJC_ISA_USAGE = YES_ERROR;
				CLANG_WARN_DOCUMENTATION_COMMENTS = YES;
				CLANG_WARN_EMPTY_BODY = YES;
				CLANG_WARN_ENUM_CONVERSION = YES;
				CLANG_WARN_INFINITE_RECURSION = YES;
				CLANG_WARN_INT_CONVERSION = YES;
				CLANG_WARN_NON_LITERAL_NULL_CONVERSION = YES;
				CLANG_WARN_OBJC_IMPLICIT_RETAIN_SELF = YES;
				CLANG_WARN_OBJC_LITERAL_CONVERSION = YES;
				CLANG_WARN_OBJC_ROOT_CLASS = YES_ERROR;
				CLANG_WARN_QUOTED_INCLUDE_IN_FRAMEWORK_HEADER = YES;
				CLANG_WARN_RANGE_LOOP_ANALYSIS = YES;
				CLANG_WARN_STRICT_PROTOTYPES = YES;
				CLANG_WARN_SUSPICIOUS_MOVE = YES;
				CLANG_WARN_UNGUARDED_AVAILABILITY = YES_AGGRESSIVE;
				CLANG_WARN_UNREACHABLE_CODE = YES;
				CLANG_WARN__DUPLICATE_METHOD_MATCH = YES;
				COPY_PHASE_STRIP = NO;
				DEBUG_INFORMATION_FORMAT = dwarf;
				ENABLE_STRICT_OBJC_MSGSEND = YES;
				ENABLE_TESTABILITY = YES;
				GCC_C_LANGUAGE_STANDARD = gnu11;
				GCC_DYNAMIC_NO_PIC = NO;
				GCC_NO_COMMON_BLOCKS = YES;
				GCC_OPTIMIZATION_LEVEL = 0;
				GCC_PREPROCESSOR_DEFINITIONS = (
					"DEBUG=1",
					"$(inherited)",
				);
				GCC_WARN_64_TO_32_BIT_CONVERSION = YES;
				GCC_WARN_ABOUT_RETURN_TYPE = YES_ERROR;
				GCC_WARN_UNDECLARED_SELECTOR = YES;
				GCC_WARN_UNINITIALIZED_AUTOS = YES_AGGRESSIVE;
				GCC_WARN_UNUSED_FUNCTION = YES;
				GCC_WARN_UNUSED_VARIABLE = YES;
				IPHONEOS_DEPLOYMENT_TARGET = 16.4;
				MTL_ENABLE_DEBUG_INFO = INCLUDE_SOURCE;
				MTL_FAST_MATH = YES;
				ONLY_ACTIVE_ARCH = YES;
				SDKROOT = iphoneos;
				SWIFT_ACTIVE_COMPILATION_CONDITIONS = DEBUG;
				SWIFT_OPTIMIZATION_LEVEL = "-Onone";
			};
			name = Debug;
		};
		1F5FD05A2B98CEF70024BCA4 /* Release */ = {
			isa = XCBuildConfiguration;
			buildSettings = {
				ALWAYS_SEARCH_USER_PATHS = NO;
				CLANG_ANALYZER_NONNULL = YES;
				CLANG_ANALYZER_NUMBER_OBJECT_CONVERSION = YES_AGGRESSIVE;
				CLANG_CXX_LANGUAGE_STANDARD = "gnu++20";
				CLANG_ENABLE_MODULES = YES;
				CLANG_ENABLE_OBJC_ARC = YES;
				CLANG_ENABLE_OBJC_WEAK = YES;
				CLANG_WARN_BLOCK_CAPTURE_AUTORELEASING = YES;
				CLANG_WARN_BOOL_CONVERSION = YES;
				CLANG_WARN_COMMA = YES;
				CLANG_WARN_CONSTANT_CONVERSION = YES;
				CLANG_WARN_DEPRECATED_OBJC_IMPLEMENTATIONS = YES;
				CLANG_WARN_DIRECT_OBJC_ISA_USAGE = YES_ERROR;
				CLANG_WARN_DOCUMENTATION_COMMENTS = YES;
				CLANG_WARN_EMPTY_BODY = YES;
				CLANG_WARN_ENUM_CONVERSION = YES;
				CLANG_WARN_INFINITE_RECURSION = YES;
				CLANG_WARN_INT_CONVERSION = YES;
				CLANG_WARN_NON_LITERAL_NULL_CONVERSION = YES;
				CLANG_WARN_OBJC_IMPLICIT_RETAIN_SELF = YES;
				CLANG_WARN_OBJC_LITERAL_CONVERSION = YES;
				CLANG_WARN_OBJC_ROOT_CLASS = YES_ERROR;
				CLANG_WARN_QUOTED_INCLUDE_IN_FRAMEWORK_HEADER = YES;
				CLANG_WARN_RANGE_LOOP_ANALYSIS = YES;
				CLANG_WARN_STRICT_PROTOTYPES = YES;
				CLANG_WARN_SUSPICIOUS_MOVE = YES;
				CLANG_WARN_UNGUARDED_AVAILABILITY = YES_AGGRESSIVE;
				CLANG_WARN_UNREACHABLE_CODE = YES;
				CLANG_WARN__DUPLICATE_METHOD_MATCH = YES;
				COPY_PHASE_STRIP = NO;
				DEBUG_INFORMATION_FORMAT = "dwarf-with-dsym";
				ENABLE_NS_ASSERTIONS = NO;
				ENABLE_STRICT_OBJC_MSGSEND = YES;
				GCC_C_LANGUAGE_STANDARD = gnu11;
				GCC_NO_COMMON_BLOCKS = YES;
				GCC_WARN_64_TO_32_BIT_CONVERSION = YES;
				GCC_WARN_ABOUT_RETURN_TYPE = YES_ERROR;
				GCC_WARN_UNDECLARED_SELECTOR = YES;
				GCC_WARN_UNINITIALIZED_AUTOS = YES_AGGRESSIVE;
				GCC_WARN_UNUSED_FUNCTION = YES;
				GCC_WARN_UNUSED_VARIABLE = YES;
				IPHONEOS_DEPLOYMENT_TARGET = 16.4;
				MTL_ENABLE_DEBUG_INFO = NO;
				MTL_FAST_MATH = YES;
				SDKROOT = iphoneos;
				SWIFT_COMPILATION_MODE = wholemodule;
				SWIFT_OPTIMIZATION_LEVEL = "-O";
				VALIDATE_PRODUCT = YES;
			};
			name = Release;
		};
		1F5FD05C2B98CEF70024BCA4 /* Debug */ = {
			isa = XCBuildConfiguration;
			baseConfigurationReference = 144B00AA0B64465B95EDDB3F /* Pods-Firebase_test3.debug.xcconfig */;
			buildSettings = {
				ASSETCATALOG_COMPILER_APPICON_NAME = AppIcon;
				ASSETCATALOG_COMPILER_GLOBAL_ACCENT_COLOR_NAME = AccentColor;
				CODE_SIGN_STYLE = Automatic;
				CURRENT_PROJECT_VERSION = 1;
				DEBUG_INFORMATION_FORMAT = "dwarf-with-dsym";
				DEVELOPMENT_ASSET_PATHS = "\"Firebase_test3/Preview Content\"";
				ENABLE_PREVIEWS = YES;
				GENERATE_INFOPLIST_FILE = YES;
				INFOPLIST_KEY_UIApplicationSceneManifest_Generation = YES;
				INFOPLIST_KEY_UIApplicationSupportsIndirectInputEvents = YES;
				INFOPLIST_KEY_UILaunchScreen_Generation = YES;
				INFOPLIST_KEY_UISupportedInterfaceOrientations_iPad = "UIInterfaceOrientationPortrait UIInterfaceOrientationPortraitUpsideDown UIInterfaceOrientationLandscapeLeft UIInterfaceOrientationLandscapeRight";
				INFOPLIST_KEY_UISupportedInterfaceOrientations_iPhone = "UIInterfaceOrientationPortrait UIInterfaceOrientationLandscapeLeft UIInterfaceOrientationLandscapeRight";
				LD_RUNPATH_SEARCH_PATHS = (
					"$(inherited)",
					"@executable_path/Frameworks",
				);
				MARKETING_VERSION = 1.0;
				PRODUCT_BUNDLE_IDENTIFIER = "jp.co.mividaloca.Firebase-test3";
				PRODUCT_NAME = "$(TARGET_NAME)";
				SWIFT_EMIT_LOC_STRINGS = YES;
				SWIFT_VERSION = 5.0;
				TARGETED_DEVICE_FAMILY = "1,2";
			};
			name = Debug;
		};
		1F5FD05D2B98CEF70024BCA4 /* Release */ = {
			isa = XCBuildConfiguration;
			baseConfigurationReference = 7997A8462A6980C152BEF0CF /* Pods-Firebase_test3.release.xcconfig */;
			buildSettings = {
				ASSETCATALOG_COMPILER_APPICON_NAME = AppIcon;
				ASSETCATALOG_COMPILER_GLOBAL_ACCENT_COLOR_NAME = AccentColor;
				CODE_SIGN_STYLE = Automatic;
				CURRENT_PROJECT_VERSION = 1;
				DEVELOPMENT_ASSET_PATHS = "\"Firebase_test3/Preview Content\"";
				ENABLE_PREVIEWS = YES;
				GENERATE_INFOPLIST_FILE = YES;
				INFOPLIST_KEY_UIApplicationSceneManifest_Generation = YES;
				INFOPLIST_KEY_UIApplicationSupportsIndirectInputEvents = YES;
				INFOPLIST_KEY_UILaunchScreen_Generation = YES;
				INFOPLIST_KEY_UISupportedInterfaceOrientations_iPad = "UIInterfaceOrientationPortrait UIInterfaceOrientationPortraitUpsideDown UIInterfaceOrientationLandscapeLeft UIInterfaceOrientationLandscapeRight";
				INFOPLIST_KEY_UISupportedInterfaceOrientations_iPhone = "UIInterfaceOrientationPortrait UIInterfaceOrientationLandscapeLeft UIInterfaceOrientationLandscapeRight";
				LD_RUNPATH_SEARCH_PATHS = (
					"$(inherited)",
					"@executable_path/Frameworks",
				);
				MARKETING_VERSION = 1.0;
				PRODUCT_BUNDLE_IDENTIFIER = "jp.co.mividaloca.Firebase-test3";
				PRODUCT_NAME = "$(TARGET_NAME)";
				SWIFT_EMIT_LOC_STRINGS = YES;
				SWIFT_VERSION = 5.0;
				TARGETED_DEVICE_FAMILY = "1,2";
			};
			name = Release;
		};
/* End XCBuildConfiguration section */

/* Begin XCConfigurationList section */
		1F5FD0482B98CEF50024BCA4 /* Build configuration list for PBXProject "Firebase_test3" */ = {
			isa = XCConfigurationList;
			buildConfigurations = (
				1F5FD0592B98CEF70024BCA4 /* Debug */,
				1F5FD05A2B98CEF70024BCA4 /* Release */,
			);
			defaultConfigurationIsVisible = 0;
			defaultConfigurationName = Release;
		};
		1F5FD05B2B98CEF70024BCA4 /* Build configuration list for PBXNativeTarget "Firebase_test3" */ = {
			isa = XCConfigurationList;
			buildConfigurations = (
				1F5FD05C2B98CEF70024BCA4 /* Debug */,
				1F5FD05D2B98CEF70024BCA4 /* Release */,
			);
			defaultConfigurationIsVisible = 0;
			defaultConfigurationName = Release;
		};
/* End XCConfigurationList section */

/* Begin XCRemoteSwiftPackageReference section */
		1F5FD0602B98D73B0024BCA4 /* XCRemoteSwiftPackageReference "firebase-ios-sdk" */ = {
			isa = XCRemoteSwiftPackageReference;
			repositoryURL = "https://github.com/firebase/firebase-ios-sdk";
			requirement = {
				kind = upToNextMajorVersion;
				minimumVersion = 10.0.0;
			};
		};
/* End XCRemoteSwiftPackageReference section */

/* Begin XCSwiftPackageProductDependency section */
		1F5FD0612B98D73B0024BCA4 /* FirebaseAnalytics */ = {
			isa = XCSwiftPackageProductDependency;
			package = 1F5FD0602B98D73B0024BCA4 /* XCRemoteSwiftPackageReference "firebase-ios-sdk" */;
			productName = FirebaseAnalytics;
		};
		1F5FD0632B98D73B0024BCA4 /* FirebaseAnalyticsOnDeviceConversion */ = {
			isa = XCSwiftPackageProductDependency;
			package = 1F5FD0602B98D73B0024BCA4 /* XCRemoteSwiftPackageReference "firebase-ios-sdk" */;
			productName = FirebaseAnalyticsOnDeviceConversion;
		};
		1F5FD0652B98D73B0024BCA4 /* FirebaseAnalyticsSwift */ = {
			isa = XCSwiftPackageProductDependency;
			package = 1F5FD0602B98D73B0024BCA4 /* XCRemoteSwiftPackageReference "firebase-ios-sdk" */;
			productName = FirebaseAnalyticsSwift;
		};
		1F5FD0672B98D73B0024BCA4 /* FirebaseAnalyticsWithoutAdIdSupport */ = {
			isa = XCSwiftPackageProductDependency;
			package = 1F5FD0602B98D73B0024BCA4 /* XCRemoteSwiftPackageReference "firebase-ios-sdk" */;
			productName = FirebaseAnalyticsWithoutAdIdSupport;
		};
		1F5FD0692B98D73B0024BCA4 /* FirebaseAppCheck */ = {
			isa = XCSwiftPackageProductDependency;
			package = 1F5FD0602B98D73B0024BCA4 /* XCRemoteSwiftPackageReference "firebase-ios-sdk" */;
			productName = FirebaseAppCheck;
		};
		1F5FD06B2B98D73B0024BCA4 /* FirebaseAppDistribution-Beta */ = {
			isa = XCSwiftPackageProductDependency;
			package = 1F5FD0602B98D73B0024BCA4 /* XCRemoteSwiftPackageReference "firebase-ios-sdk" */;
			productName = "FirebaseAppDistribution-Beta";
		};
		1F5FD06D2B98D73B0024BCA4 /* FirebaseAuth */ = {
			isa = XCSwiftPackageProductDependency;
			package = 1F5FD0602B98D73B0024BCA4 /* XCRemoteSwiftPackageReference "firebase-ios-sdk" */;
			productName = FirebaseAuth;
		};
		1F5FD06F2B98D73B0024BCA4 /* FirebaseAuthCombine-Community */ = {
			isa = XCSwiftPackageProductDependency;
			package = 1F5FD0602B98D73B0024BCA4 /* XCRemoteSwiftPackageReference "firebase-ios-sdk" */;
			productName = "FirebaseAuthCombine-Community";
		};
		1F5FD0712B98D73B0024BCA4 /* FirebaseCrashlytics */ = {
			isa = XCSwiftPackageProductDependency;
			package = 1F5FD0602B98D73B0024BCA4 /* XCRemoteSwiftPackageReference "firebase-ios-sdk" */;
			productName = FirebaseCrashlytics;
		};
		1F5FD0732B98D73B0024BCA4 /* FirebaseDatabase */ = {
			isa = XCSwiftPackageProductDependency;
			package = 1F5FD0602B98D73B0024BCA4 /* XCRemoteSwiftPackageReference "firebase-ios-sdk" */;
			productName = FirebaseDatabase;
		};
		1F5FD0752B98D73B0024BCA4 /* FirebaseDatabaseSwift */ = {
			isa = XCSwiftPackageProductDependency;
			package = 1F5FD0602B98D73B0024BCA4 /* XCRemoteSwiftPackageReference "firebase-ios-sdk" */;
			productName = FirebaseDatabaseSwift;
		};
		1F5FD0772B98D73B0024BCA4 /* FirebaseDynamicLinks */ = {
			isa = XCSwiftPackageProductDependency;
			package = 1F5FD0602B98D73B0024BCA4 /* XCRemoteSwiftPackageReference "firebase-ios-sdk" */;
			productName = FirebaseDynamicLinks;
		};
		1F5FD0792B98D73B0024BCA4 /* FirebaseFirestore */ = {
			isa = XCSwiftPackageProductDependency;
			package = 1F5FD0602B98D73B0024BCA4 /* XCRemoteSwiftPackageReference "firebase-ios-sdk" */;
			productName = FirebaseFirestore;
		};
		1F5FD07B2B98D73B0024BCA4 /* FirebaseFirestoreCombine-Community */ = {
			isa = XCSwiftPackageProductDependency;
			package = 1F5FD0602B98D73B0024BCA4 /* XCRemoteSwiftPackageReference "firebase-ios-sdk" */;
			productName = "FirebaseFirestoreCombine-Community";
		};
		1F5FD07D2B98D73B0024BCA4 /* FirebaseFirestoreSwift */ = {
			isa = XCSwiftPackageProductDependency;
			package = 1F5FD0602B98D73B0024BCA4 /* XCRemoteSwiftPackageReference "firebase-ios-sdk" */;
			productName = FirebaseFirestoreSwift;
		};
		1F5FD07F2B98D73B0024BCA4 /* FirebaseFunctions */ = {
			isa = XCSwiftPackageProductDependency;
			package = 1F5FD0602B98D73B0024BCA4 /* XCRemoteSwiftPackageReference "firebase-ios-sdk" */;
			productName = FirebaseFunctions;
		};
		1F5FD0812B98D73B0024BCA4 /* FirebaseFunctionsCombine-Community */ = {
			isa = XCSwiftPackageProductDependency;
			package = 1F5FD0602B98D73B0024BCA4 /* XCRemoteSwiftPackageReference "firebase-ios-sdk" */;
			productName = "FirebaseFunctionsCombine-Community";
		};
		1F5FD0832B98D73B0024BCA4 /* FirebaseInAppMessaging-Beta */ = {
			isa = XCSwiftPackageProductDependency;
			package = 1F5FD0602B98D73B0024BCA4 /* XCRemoteSwiftPackageReference "firebase-ios-sdk" */;
			productName = "FirebaseInAppMessaging-Beta";
		};
		1F5FD0852B98D73B0024BCA4 /* FirebaseInAppMessagingSwift-Beta */ = {
			isa = XCSwiftPackageProductDependency;
			package = 1F5FD0602B98D73B0024BCA4 /* XCRemoteSwiftPackageReference "firebase-ios-sdk" */;
			productName = "FirebaseInAppMessagingSwift-Beta";
		};
		1F5FD0872B98D73B0024BCA4 /* FirebaseInstallations */ = {
			isa = XCSwiftPackageProductDependency;
			package = 1F5FD0602B98D73B0024BCA4 /* XCRemoteSwiftPackageReference "firebase-ios-sdk" */;
			productName = FirebaseInstallations;
		};
		1F5FD0892B98D73B0024BCA4 /* FirebaseMLModelDownloader */ = {
			isa = XCSwiftPackageProductDependency;
			package = 1F5FD0602B98D73B0024BCA4 /* XCRemoteSwiftPackageReference "firebase-ios-sdk" */;
			productName = FirebaseMLModelDownloader;
		};
		1F5FD08B2B98D73B0024BCA4 /* FirebaseMessaging */ = {
			isa = XCSwiftPackageProductDependency;
			package = 1F5FD0602B98D73B0024BCA4 /* XCRemoteSwiftPackageReference "firebase-ios-sdk" */;
			productName = FirebaseMessaging;
		};
		1F5FD08D2B98D73B0024BCA4 /* FirebasePerformance */ = {
			isa = XCSwiftPackageProductDependency;
			package = 1F5FD0602B98D73B0024BCA4 /* XCRemoteSwiftPackageReference "firebase-ios-sdk" */;
			productName = FirebasePerformance;
		};
		1F5FD08F2B98D73B0024BCA4 /* FirebaseRemoteConfig */ = {
			isa = XCSwiftPackageProductDependency;
			package = 1F5FD0602B98D73B0024BCA4 /* XCRemoteSwiftPackageReference "firebase-ios-sdk" */;
			productName = FirebaseRemoteConfig;
		};
		1F5FD0912B98D73B0024BCA4 /* FirebaseRemoteConfigSwift */ = {
			isa = XCSwiftPackageProductDependency;
			package = 1F5FD0602B98D73B0024BCA4 /* XCRemoteSwiftPackageReference "firebase-ios-sdk" */;
			productName = FirebaseRemoteConfigSwift;
		};
		1F5FD0932B98D73B0024BCA4 /* FirebaseStorage */ = {
			isa = XCSwiftPackageProductDependency;
			package = 1F5FD0602B98D73B0024BCA4 /* XCRemoteSwiftPackageReference "firebase-ios-sdk" */;
			productName = FirebaseStorage;
		};
		1F5FD0952B98D73B0024BCA4 /* FirebaseStorageCombine-Community */ = {
			isa = XCSwiftPackageProductDependency;
			package = 1F5FD0602B98D73B0024BCA4 /* XCRemoteSwiftPackageReference "firebase-ios-sdk" */;
			productName = "FirebaseStorageCombine-Community";
		};
/* End XCSwiftPackageProductDependency section */
	};
	rootObject = 1F5FD0452B98CEF50024BCA4 /* Project object */;
}
